
Microsoft Visual Studio Solution File, Format Version 12.00
# Visual Studio Version 16
VisualStudioVersion = 16.0.30114.105
MinimumVisualStudioVersion = 10.0.40219.1
Project("{FAE04EC0-301F-11D3-BF4B-00C04F79EFBC}") = "API", "API\API.csproj", "{4FB5DEEC-F1C2-4A05-9D04-7489B233B604}"
EndProject
Project("{FAE04EC0-301F-11D3-BF4B-00C04F79EFBC}") = "Application", "Application\Application.csproj", "{D1B70AA4-8B44-4A74-85EF-153E4FBB7D88}"
EndProject
Project("{FAE04EC0-301F-11D3-BF4B-00C04F79EFBC}") = "Persistence", "Persistence\Persistence.csproj", "{1394B79C-3C1E-45F7-BA14-4C1AB53BBDC0}"
EndProject
Project("{FAE04EC0-301F-11D3-BF4B-00C04F79EFBC}") = "Domain", "Domain\Domain.csproj", "{C5CE0D62-7FB6-4FA8-BD82-88EE5829469D}"
EndProject
Global
	GlobalSection(SolutionConfigurationPlatforms) = preSolution
		Debug|Any CPU = Debug|Any CPU
		Release|Any CPU = Release|Any CPU
	EndGlobalSection
	GlobalSection(SolutionProperties) = preSolution
		HideSolutionNode = FALSE
	EndGlobalSection
	GlobalSection(ProjectConfigurationPlatforms) = postSolution
		{4FB5DEEC-F1C2-4A05-9D04-7489B233B604}.Debug|Any CPU.ActiveCfg = Debug|Any CPU
		{4FB5DEEC-F1C2-4A05-9D04-7489B233B604}.Debug|Any CPU.Build.0 = Debug|Any CPU
		{4FB5DEEC-F1C2-4A05-9D04-7489B233B604}.Release|Any CPU.ActiveCfg = Release|Any CPU
		{4FB5DEEC-F1C2-4A05-9D04-7489B233B604}.Release|Any CPU.Build.0 = Release|Any CPU
		{D1B70AA4-8B44-4A74-85EF-153E4FBB7D88}.Debug|Any CPU.ActiveCfg = Debug|Any CPU
		{D1B70AA4-8B44-4A74-85EF-153E4FBB7D88}.Debug|Any CPU.Build.0 = Debug|Any CPU
		{D1B70AA4-8B44-4A74-85EF-153E4FBB7D88}.Release|Any CPU.ActiveCfg = Release|Any CPU
		{D1B70AA4-8B44-4A74-85EF-153E4FBB7D88}.Release|Any CPU.Build.0 = Release|Any CPU
		{1394B79C-3C1E-45F7-BA14-4C1AB53BBDC0}.Debug|Any CPU.ActiveCfg = Debug|Any CPU
		{1394B79C-3C1E-45F7-BA14-4C1AB53BBDC0}.Debug|Any CPU.Build.0 = Debug|Any CPU
		{1394B79C-3C1E-45F7-BA14-4C1AB53BBDC0}.Release|Any CPU.ActiveCfg = Release|Any CPU
		{1394B79C-3C1E-45F7-BA14-4C1AB53BBDC0}.Release|Any CPU.Build.0 = Release|Any CPU
		{C5CE0D62-7FB6-4FA8-BD82-88EE5829469D}.Debug|Any CPU.ActiveCfg = Debug|Any CPU
		{C5CE0D62-7FB6-4FA8-BD82-88EE5829469D}.Debug|Any CPU.Build.0 = Debug|Any CPU
		{C5CE0D62-7FB6-4FA8-BD82-88EE5829469D}.Release|Any CPU.ActiveCfg = Release|Any CPU
		{C5CE0D62-7FB6-4FA8-BD82-88EE5829469D}.Release|Any CPU.Build.0 = Release|Any CPU
	EndGlobalSection
EndGlobal
